
Microsoft Visual Studio Solution File, Format Version 12.00
# Visual Studio 14
VisualStudioVersion = 14.0.23107.0
MinimumVisualStudioVersion = 10.0.40219.1
Project("{FAE04EC0-301F-11D3-BF4B-00C04F79EFBC}") = "Problem01.SortArrayOfNumbersUsingBubbleSort", "Problem01.SortArrayOfNumbersUsingBubbleSort\Problem01.SortArrayOfNumbersUsingBubbleSort.csproj", "{EEB78787-10AE-43B5-A8B2-A3158876BE46}"
EndProject
Project("{FAE04EC0-301F-11D3-BF4B-00C04F79EFBC}") = "Problem02.JoinLists", "Problem02.JoinLists\Problem02.JoinLists.csproj", "{2EBAF67A-14C9-4BD9-A63A-526D9720035E}"
EndProject
Global
	GlobalSection(SolutionConfigurationPlatforms) = preSolution
		Debug|Any CPU = Debug|Any CPU
		Release|Any CPU = Release|Any CPU
	EndGlobalSection
	GlobalSection(ProjectConfigurationPlatforms) = postSolution
		{EEB78787-10AE-43B5-A8B2-A3158876BE46}.Debug|Any CPU.ActiveCfg = Debug|Any CPU
		{EEB78787-10AE-43B5-A8B2-A3158876BE46}.Debug|Any CPU.Build.0 = Debug|Any CPU
		{EEB78787-10AE-43B5-A8B2-A3158876BE46}.Release|Any CPU.ActiveCfg = Release|Any CPU
		{EEB78787-10AE-43B5-A8B2-A3158876BE46}.Release|Any CPU.Build.0 = Release|Any CPU
		{2EBAF67A-14C9-4BD9-A63A-526D9720035E}.Debug|Any CPU.ActiveCfg = Debug|Any CPU
		{2EBAF67A-14C9-4BD9-A63A-526D9720035E}.Debug|Any CPU.Build.0 = Debug|Any CPU
		{2EBAF67A-14C9-4BD9-A63A-526D9720035E}.Release|Any CPU.ActiveCfg = Release|Any CPU
		{2EBAF67A-14C9-4BD9-A63A-526D9720035E}.Release|Any CPU.Build.0 = Release|Any CPU
	EndGlobalSection
	GlobalSection(SolutionProperties) = preSolution
		HideSolutionNode = FALSE
	EndGlobalSection
EndGlobal
